# This file is automatically @generated by Cargo.
# It is not intended for manual editing.
version = 3

[[package]]
name = "pki"
version = "0.1.0"

[[package]]
name = "secoxide"
version = "0.1.0"

[[package]]
name = "secoxide_api"
version = "0.1.0"

[[package]]
name = "secoxide_crypto"
version = "0.1.0"

[[package]]
name = "secoxide_db"
version = "0.1.0"
